
Microsoft Visual Studio Solution File, Format Version 12.00
# Visual Studio Version 18
VisualStudioVersion = 18.6.11723.189 insiders
MinimumVisualStudioVersion = 10.0.40219.1
Project("{FAE04EC0-301F-11D3-BF4B-00C04F79EFBC}") = "CICDDemo", "CICDDemo.csproj", "{14ECB9DF-020A-E9FF-56B1-6A18D3C7CA4A}"
EndProject
Global
	GlobalSection(SolutionConfigurationPlatforms) = preSolution
		Debug|Any CPU = Debug|Any CPU
		Release|Any CPU = Release|Any CPU
	EndGlobalSection
	GlobalSection(ProjectConfigurationPlatforms) = postSolution
		{14ECB9DF-020A-E9FF-56B1-6A18D3C7CA4A}.Debug|Any CPU.ActiveCfg = Debug|Any CPU
		{14ECB9DF-020A-E9FF-56B1-6A18D3C7CA4A}.Debug|Any CPU.Build.0 = Debug|Any CPU
		{14ECB9DF-020A-E9FF-56B1-6A18D3C7CA4A}.Release|Any CPU.ActiveCfg = Release|Any CPU
		{14ECB9DF-020A-E9FF-56B1-6A18D3C7CA4A}.Release|Any CPU.Build.0 = Release|Any CPU
	EndGlobalSection
	GlobalSection(SolutionProperties) = preSolution
		HideSolutionNode = FALSE
	EndGlobalSection
	GlobalSection(ExtensibilityGlobals) = postSolution
		SolutionGuid = {8CF7FE60-8D88-4ACC-AD9C-96FF48976DA0}
	EndGlobalSection
EndGlobal
